
Microsoft Visual Studio Solution File, Format Version 12.00
# Visual Studio Version 16
VisualStudioVersion = 16.0.30907.101
MinimumVisualStudioVersion = 10.0.40219.1
Project("{8BC9CEB8-8B4A-11D0-8D11-00A0C91BC942}") = "CGNR", "CGNR\CGNR.vcxproj", "{60EFFCF1-1092-4AD9-8D04-CF70031DABD6}"
EndProject
Project("{FAE04EC0-301F-11D3-BF4B-00C04F79EFBC}") = "CGNRTest", "CGNRTest\CGNRTest.csproj", "{A5C806AC-310E-44DC-9742-4218F2236527}"
EndProject
Global
	GlobalSection(SolutionConfigurationPlatforms) = preSolution
		Debug|Any CPU = Debug|Any CPU
		Debug|x64 = Debug|x64
		Debug|x86 = Debug|x86
		Release|Any CPU = Release|Any CPU
		Release|x64 = Release|x64
		Release|x86 = Release|x86
	EndGlobalSection
	GlobalSection(ProjectConfigurationPlatforms) = postSolution
		{60EFFCF1-1092-4AD9-8D04-CF70031DABD6}.Debug|Any CPU.ActiveCfg = Debug|Win32
		{60EFFCF1-1092-4AD9-8D04-CF70031DABD6}.Debug|x64.ActiveCfg = Debug|x64
		{60EFFCF1-1092-4AD9-8D04-CF70031DABD6}.Debug|x64.Build.0 = Debug|x64
		{60EFFCF1-1092-4AD9-8D04-CF70031DABD6}.Debug|x86.ActiveCfg = Debug|Win32
		{60EFFCF1-1092-4AD9-8D04-CF70031DABD6}.Debug|x86.Build.0 = Debug|Win32
		{60EFFCF1-1092-4AD9-8D04-CF70031DABD6}.Release|Any CPU.ActiveCfg = Release|Win32
		{60EFFCF1-1092-4AD9-8D04-CF70031DABD6}.Release|x64.ActiveCfg = Release|x64
		{60EFFCF1-1092-4AD9-8D04-CF70031DABD6}.Release|x64.Build.0 = Release|x64
		{60EFFCF1-1092-4AD9-8D04-CF70031DABD6}.Release|x86.ActiveCfg = Release|Win32
		{60EFFCF1-1092-4AD9-8D04-CF70031DABD6}.Release|x86.Build.0 = Release|Win32
		{A5C806AC-310E-44DC-9742-4218F2236527}.Debug|Any CPU.ActiveCfg = Debug|Any CPU
		{A5C806AC-310E-44DC-9742-4218F2236527}.Debug|Any CPU.Build.0 = Debug|Any CPU
		{A5C806AC-310E-44DC-9742-4218F2236527}.Debug|x64.ActiveCfg = Debug|x64
		{A5C806AC-310E-44DC-9742-4218F2236527}.Debug|x64.Build.0 = Debug|x64
		{A5C806AC-310E-44DC-9742-4218F2236527}.Debug|x86.ActiveCfg = Debug|Any CPU
		{A5C806AC-310E-44DC-9742-4218F2236527}.Debug|x86.Build.0 = Debug|Any CPU
		{A5C806AC-310E-44DC-9742-4218F2236527}.Release|Any CPU.ActiveCfg = Release|Any CPU
		{A5C806AC-310E-44DC-9742-4218F2236527}.Release|Any CPU.Build.0 = Release|Any CPU
		{A5C806AC-310E-44DC-9742-4218F2236527}.Release|x64.ActiveCfg = Release|Any CPU
		{A5C806AC-310E-44DC-9742-4218F2236527}.Release|x64.Build.0 = Release|Any CPU
		{A5C806AC-310E-44DC-9742-4218F2236527}.Release|x86.ActiveCfg = Release|Any CPU
		{A5C806AC-310E-44DC-9742-4218F2236527}.Release|x86.Build.0 = Release|Any CPU
	EndGlobalSection
	GlobalSection(SolutionProperties) = preSolution
		HideSolutionNode = FALSE
	EndGlobalSection
	GlobalSection(ExtensibilityGlobals) = postSolution
		SolutionGuid = {88DC6B48-7981-42CE-AF57-63FBC186BC58}
	EndGlobalSection
EndGlobal
